// !$*UTF8*$!
{
	archiveVersion = 1;
	classes = {
	};
	objectVersion = 55;
	objects = {

/* Begin PBXBuildFile section */
		D503C52E27D7042400215801 /* ShoppingListView.swift in Sources */ = {isa = PBXBuildFile; fileRef = D503C52D27D7042400215801 /* ShoppingListView.swift */; };
		D503C53027D989AE00215801 /* ImagePicker.swift in Sources */ = {isa = PBXBuildFile; fileRef = D503C52F27D989AE00215801 /* ImagePicker.swift */; };
		D503C53227DEB22D00215801 /* LocalFileManager.swift in Sources */ = {isa = PBXBuildFile; fileRef = D503C53127DEB22D00215801 /* LocalFileManager.swift */; };
		D503C53927DFA24500215801 /* IngredientListItem.swift in Sources */ = {isa = PBXBuildFile; fileRef = D503C53827DFA24500215801 /* IngredientListItem.swift */; };
		D51335D627BDD5B80012B972 /* The_Kitchen_AppApp.swift in Sources */ = {isa = PBXBuildFile; fileRef = D51335D527BDD5B80012B972 /* The_Kitchen_AppApp.swift */; };
		D51335D827BDD5B80012B972 /* ContentView.swift in Sources */ = {isa = PBXBuildFile; fileRef = D51335D727BDD5B80012B972 /* ContentView.swift */; };
		D51335DA27BDD5BA0012B972 /* Assets.xcassets in Resources */ = {isa = PBXBuildFile; fileRef = D51335D927BDD5BA0012B972 /* Assets.xcassets */; };
		D51335DD27BDD5BA0012B972 /* Preview Assets.xcassets in Resources */ = {isa = PBXBuildFile; fileRef = D51335DC27BDD5BA0012B972 /* Preview Assets.xcassets */; };
		D51335E727BDD5BA0012B972 /* The_Kitchen_AppTests.swift in Sources */ = {isa = PBXBuildFile; fileRef = D51335E627BDD5BA0012B972 /* The_Kitchen_AppTests.swift */; };
		D51335F127BDD5BA0012B972 /* The_Kitchen_AppUITests.swift in Sources */ = {isa = PBXBuildFile; fileRef = D51335F027BDD5BA0012B972 /* The_Kitchen_AppUITests.swift */; };
		D51335F327BDD5BA0012B972 /* The_Kitchen_AppUITestsLaunchTests.swift in Sources */ = {isa = PBXBuildFile; fileRef = D51335F227BDD5BA0012B972 /* The_Kitchen_AppUITestsLaunchTests.swift */; };
		D594469C27C2EB4900B27A80 /* SQLite in Frameworks */ = {isa = PBXBuildFile; productRef = D594469B27C2EB4900B27A80 /* SQLite */; };
		D594469E27C2F97500B27A80 /* Ingredient.swift in Sources */ = {isa = PBXBuildFile; fileRef = D594469D27C2F97400B27A80 /* Ingredient.swift */; };
		D59446A027C2FA8300B27A80 /* Ingredient_DB.swift in Sources */ = {isa = PBXBuildFile; fileRef = D594469F27C2FA8300B27A80 /* Ingredient_DB.swift */; };
		D59446A427C30B7D00B27A80 /* AddIngredientView.swift in Sources */ = {isa = PBXBuildFile; fileRef = D59446A327C30B7D00B27A80 /* AddIngredientView.swift */; };
		D59446A627C32CCC00B27A80 /* PantryView.swift in Sources */ = {isa = PBXBuildFile; fileRef = D59446A527C32CCC00B27A80 /* PantryView.swift */; };
		D5A0CE3327C721E000CA1F7B /* Recipe.swift in Sources */ = {isa = PBXBuildFile; fileRef = D5A0CE3227C721DF00CA1F7B /* Recipe.swift */; };
		D5A0CE3527C7238F00CA1F7B /* Recipe_DB.swift in Sources */ = {isa = PBXBuildFile; fileRef = D5A0CE3427C7238F00CA1F7B /* Recipe_DB.swift */; };
		D5A0CE3727C96A8300CA1F7B /* Recipe_Ingredient_DB.swift in Sources */ = {isa = PBXBuildFile; fileRef = D5A0CE3627C96A8300CA1F7B /* Recipe_Ingredient_DB.swift */; };
		D5A0CE3927C974F800CA1F7B /* CookbookView.swift in Sources */ = {isa = PBXBuildFile; fileRef = D5A0CE3827C974F800CA1F7B /* CookbookView.swift */; };
		D5A0CE3B27C976A100CA1F7B /* AddRecipeView.swift in Sources */ = {isa = PBXBuildFile; fileRef = D5A0CE3A27C976A100CA1F7B /* AddRecipeView.swift */; };
		D5A0CE3D27C97C8E00CA1F7B /* viewRecipeView.swift in Sources */ = {isa = PBXBuildFile; fileRef = D5A0CE3C27C97C8E00CA1F7B /* viewRecipeView.swift */; };
		D5A0CE4127C9A4F400CA1F7B /* IngredientMultipleSelectView.swift in Sources */ = {isa = PBXBuildFile; fileRef = D5A0CE4027C9A4F400CA1F7B /* IngredientMultipleSelectView.swift */; };
		D5A0CE4327C9B6F900CA1F7B /* IngredientRow.swift in Sources */ = {isa = PBXBuildFile; fileRef = D5A0CE4227C9B6F900CA1F7B /* IngredientRow.swift */; };
		D5A0CE4627CE88ED00CA1F7B /* Drawer in Frameworks */ = {isa = PBXBuildFile; productRef = D5A0CE4527CE88ED00CA1F7B /* Drawer */; };
		D5A0CE4827CEF7B300CA1F7B /* ViewIngredientView.swift in Sources */ = {isa = PBXBuildFile; fileRef = D5A0CE4727CEF7B300CA1F7B /* ViewIngredientView.swift */; };
		D5A0CE4A27CEFFB000CA1F7B /* EditIngredientView.swift in Sources */ = {isa = PBXBuildFile; fileRef = D5A0CE4927CEFFB000CA1F7B /* EditIngredientView.swift */; };
/* End PBXBuildFile section */

/* Begin PBXContainerItemProxy section */
		D51335E327BDD5BA0012B972 /* PBXContainerItemProxy */ = {
			isa = PBXContainerItemProxy;
			containerPortal = D51335CA27BDD5B80012B972 /* Project object */;
			proxyType = 1;
			remoteGlobalIDString = D51335D127BDD5B80012B972;
			remoteInfo = "The Kitchen App";
		};
		D51335ED27BDD5BA0012B972 /* PBXContainerItemProxy */ = {
			isa = PBXContainerItemProxy;
			containerPortal = D51335CA27BDD5B80012B972 /* Project object */;
			proxyType = 1;
			remoteGlobalIDString = D51335D127BDD5B80012B972;
			remoteInfo = "The Kitchen App";
		};
/* End PBXContainerItemProxy section */

/* Begin PBXFileReference section */
		D503C52D27D7042400215801 /* ShoppingListView.swift */ = {isa = PBXFileReference; lastKnownFileType = sourcecode.swift; path = ShoppingListView.swift; sourceTree = "<group>"; };
		D503C52F27D989AE00215801 /* ImagePicker.swift */ = {isa = PBXFileReference; lastKnownFileType = sourcecode.swift; path = ImagePicker.swift; sourceTree = "<group>"; };
		D503C53127DEB22D00215801 /* LocalFileManager.swift */ = {isa = PBXFileReference; lastKnownFileType = sourcecode.swift; path = LocalFileManager.swift; sourceTree = "<group>"; };
		D503C53827DFA24500215801 /* IngredientListItem.swift */ = {isa = PBXFileReference; lastKnownFileType = sourcecode.swift; path = IngredientListItem.swift; sourceTree = "<group>"; };
		D51335D227BDD5B80012B972 /* The Kitchen App.app */ = {isa = PBXFileReference; explicitFileType = wrapper.application; includeInIndex = 0; path = "The Kitchen App.app"; sourceTree = BUILT_PRODUCTS_DIR; };
		D51335D527BDD5B80012B972 /* The_Kitchen_AppApp.swift */ = {isa = PBXFileReference; lastKnownFileType = sourcecode.swift; path = The_Kitchen_AppApp.swift; sourceTree = "<group>"; };
		D51335D727BDD5B80012B972 /* ContentView.swift */ = {isa = PBXFileReference; lastKnownFileType = sourcecode.swift; path = ContentView.swift; sourceTree = "<group>"; };
		D51335D927BDD5BA0012B972 /* Assets.xcassets */ = {isa = PBXFileReference; lastKnownFileType = folder.assetcatalog; path = Assets.xcassets; sourceTree = "<group>"; };
		D51335DC27BDD5BA0012B972 /* Preview Assets.xcassets */ = {isa = PBXFileReference; lastKnownFileType = folder.assetcatalog; path = "Preview Assets.xcassets"; sourceTree = "<group>"; };
		D51335E227BDD5BA0012B972 /* The Kitchen AppTests.xctest */ = {isa = PBXFileReference; explicitFileType = wrapper.cfbundle; includeInIndex = 0; path = "The Kitchen AppTests.xctest"; sourceTree = BUILT_PRODUCTS_DIR; };
		D51335E627BDD5BA0012B972 /* The_Kitchen_AppTests.swift */ = {isa = PBXFileReference; lastKnownFileType = sourcecode.swift; path = The_Kitchen_AppTests.swift; sourceTree = "<group>"; };
		D51335EC27BDD5BA0012B972 /* The Kitchen AppUITests.xctest */ = {isa = PBXFileReference; explicitFileType = wrapper.cfbundle; includeInIndex = 0; path = "The Kitchen AppUITests.xctest"; sourceTree = BUILT_PRODUCTS_DIR; };
		D51335F027BDD5BA0012B972 /* The_Kitchen_AppUITests.swift */ = {isa = PBXFileReference; lastKnownFileType = sourcecode.swift; path = The_Kitchen_AppUITests.swift; sourceTree = "<group>"; };
		D51335F227BDD5BA0012B972 /* The_Kitchen_AppUITestsLaunchTests.swift */ = {isa = PBXFileReference; lastKnownFileType = sourcecode.swift; path = The_Kitchen_AppUITestsLaunchTests.swift; sourceTree = "<group>"; };
		D594469D27C2F97400B27A80 /* Ingredient.swift */ = {isa = PBXFileReference; lastKnownFileType = sourcecode.swift; path = Ingredient.swift; sourceTree = "<group>"; };
		D594469F27C2FA8300B27A80 /* Ingredient_DB.swift */ = {isa = PBXFileReference; lastKnownFileType = sourcecode.swift; path = Ingredient_DB.swift; sourceTree = "<group>"; };
		D59446A327C30B7D00B27A80 /* AddIngredientView.swift */ = {isa = PBXFileReference; lastKnownFileType = sourcecode.swift; path = AddIngredientView.swift; sourceTree = "<group>"; };
		D59446A527C32CCC00B27A80 /* PantryView.swift */ = {isa = PBXFileReference; lastKnownFileType = sourcecode.swift; path = PantryView.swift; sourceTree = "<group>"; };
		D5A0CE3227C721DF00CA1F7B /* Recipe.swift */ = {isa = PBXFileReference; lastKnownFileType = sourcecode.swift; path = Recipe.swift; sourceTree = "<group>"; };
		D5A0CE3427C7238F00CA1F7B /* Recipe_DB.swift */ = {isa = PBXFileReference; lastKnownFileType = sourcecode.swift; path = Recipe_DB.swift; sourceTree = "<group>"; };
		D5A0CE3627C96A8300CA1F7B /* Recipe_Ingredient_DB.swift */ = {isa = PBXFileReference; lastKnownFileType = sourcecode.swift; path = Recipe_Ingredient_DB.swift; sourceTree = "<group>"; };
		D5A0CE3827C974F800CA1F7B /* CookbookView.swift */ = {isa = PBXFileReference; lastKnownFileType = sourcecode.swift; path = CookbookView.swift; sourceTree = "<group>"; };
		D5A0CE3A27C976A100CA1F7B /* AddRecipeView.swift */ = {isa = PBXFileReference; lastKnownFileType = sourcecode.swift; path = AddRecipeView.swift; sourceTree = "<group>"; };
		D5A0CE3C27C97C8E00CA1F7B /* viewRecipeView.swift */ = {isa = PBXFileReference; lastKnownFileType = sourcecode.swift; path = viewRecipeView.swift; sourceTree = "<group>"; };
		D5A0CE4027C9A4F400CA1F7B /* IngredientMultipleSelectView.swift */ = {isa = PBXFileReference; lastKnownFileType = sourcecode.swift; path = IngredientMultipleSelectView.swift; sourceTree = "<group>"; };
		D5A0CE4227C9B6F900CA1F7B /* IngredientRow.swift */ = {isa = PBXFileReference; lastKnownFileType = sourcecode.swift; path = IngredientRow.swift; sourceTree = "<group>"; };
		D5A0CE4727CEF7B300CA1F7B /* ViewIngredientView.swift */ = {isa = PBXFileReference; lastKnownFileType = sourcecode.swift; path = ViewIngredientView.swift; sourceTree = "<group>"; };
		D5A0CE4927CEFFB000CA1F7B /* EditIngredientView.swift */ = {isa = PBXFileReference; lastKnownFileType = sourcecode.swift; path = EditIngredientView.swift; sourceTree = "<group>"; };
/* End PBXFileReference section */

/* Begin PBXFrameworksBuildPhase section */
		D51335CF27BDD5B80012B972 /* Frameworks */ = {
			isa = PBXFrameworksBuildPhase;
			buildActionMask = 2147483647;
			files = (
				D594469C27C2EB4900B27A80 /* SQLite in Frameworks */,
				D5A0CE4627CE88ED00CA1F7B /* Drawer in Frameworks */,
			);
			runOnlyForDeploymentPostprocessing = 0;
		};
		D51335DF27BDD5BA0012B972 /* Frameworks */ = {
			isa = PBXFrameworksBuildPhase;
			buildActionMask = 2147483647;
			files = (
			);
			runOnlyForDeploymentPostprocessing = 0;
		};
		D51335E927BDD5BA0012B972 /* Frameworks */ = {
			isa = PBXFrameworksBuildPhase;
			buildActionMask = 2147483647;
			files = (
			);
			runOnlyForDeploymentPostprocessing = 0;
		};
/* End PBXFrameworksBuildPhase section */

/* Begin PBXGroup section */
		D503C53327DEB25800215801 /* Utilities */ = {
			isa = PBXGroup;
			children = (
				D503C52F27D989AE00215801 /* ImagePicker.swift */,
				D503C53127DEB22D00215801 /* LocalFileManager.swift */,
			);
			path = Utilities;
			sourceTree = "<group>";
		};
		D503C53427DEB27400215801 /* Databases */ = {
			isa = PBXGroup;
			children = (
				D594469F27C2FA8300B27A80 /* Ingredient_DB.swift */,
				D5A0CE3427C7238F00CA1F7B /* Recipe_DB.swift */,
				D5A0CE3627C96A8300CA1F7B /* Recipe_Ingredient_DB.swift */,
			);
			path = Databases;
			sourceTree = "<group>";
		};
		D503C53527DEB2AC00215801 /* Models */ = {
			isa = PBXGroup;
			children = (
				D594469D27C2F97400B27A80 /* Ingredient.swift */,
				D5A0CE3227C721DF00CA1F7B /* Recipe.swift */,
			);
			path = Models;
			sourceTree = "<group>";
		};
		D51335C927BDD5B80012B972 = {
			isa = PBXGroup;
			children = (
				D51335D427BDD5B80012B972 /* The Kitchen App */,
				D51335E527BDD5BA0012B972 /* The Kitchen AppTests */,
				D51335EF27BDD5BA0012B972 /* The Kitchen AppUITests */,
				D51335D327BDD5B80012B972 /* Products */,
			);
			sourceTree = "<group>";
		};
		D51335D327BDD5B80012B972 /* Products */ = {
			isa = PBXGroup;
			children = (
				D51335D227BDD5B80012B972 /* The Kitchen App.app */,
				D51335E227BDD5BA0012B972 /* The Kitchen AppTests.xctest */,
				D51335EC27BDD5BA0012B972 /* The Kitchen AppUITests.xctest */,
			);
			name = Products;
			sourceTree = "<group>";
		};
		D51335D427BDD5B80012B972 /* The Kitchen App */ = {
			isa = PBXGroup;
			children = (
				D51335D527BDD5B80012B972 /* The_Kitchen_AppApp.swift */,
				D51335D727BDD5B80012B972 /* ContentView.swift */,
				D51335D927BDD5BA0012B972 /* Assets.xcassets */,
				D503C53527DEB2AC00215801 /* Models */,
				D503C53327DEB25800215801 /* Utilities */,
				D503C53427DEB27400215801 /* Databases */,
				D59446A527C32CCC00B27A80 /* PantryView.swift */,
				D503C52D27D7042400215801 /* ShoppingListView.swift */,
				D5A0CE3827C974F800CA1F7B /* CookbookView.swift */,
				D59446A327C30B7D00B27A80 /* AddIngredientView.swift */,
				D5A0CE3C27C97C8E00CA1F7B /* viewRecipeView.swift */,
				D5A0CE3A27C976A100CA1F7B /* AddRecipeView.swift */,
				D5A0CE4027C9A4F400CA1F7B /* IngredientMultipleSelectView.swift */,
				D5A0CE4727CEF7B300CA1F7B /* ViewIngredientView.swift */,
				D5A0CE4927CEFFB000CA1F7B /* EditIngredientView.swift */,
				D5A0CE4227C9B6F900CA1F7B /* IngredientRow.swift */,
				D503C53827DFA24500215801 /* IngredientListItem.swift */,
				D51335DB27BDD5BA0012B972 /* Preview Content */,
			);
			path = "The Kitchen App";
			sourceTree = "<group>";
		};
		D51335DB27BDD5BA0012B972 /* Preview Content */ = {
			isa = PBXGroup;
			children = (
				D51335DC27BDD5BA0012B972 /* Preview Assets.xcassets */,
			);
			path = "Preview Content";
			sourceTree = "<group>";
		};
		D51335E527BDD5BA0012B972 /* The Kitchen AppTests */ = {
			isa = PBXGroup;
			children = (
				D51335E627BDD5BA0012B972 /* The_Kitchen_AppTests.swift */,
			);
			path = "The Kitchen AppTests";
			sourceTree = "<group>";
		};
		D51335EF27BDD5BA0012B972 /* The Kitchen AppUITests */ = {
			isa = PBXGroup;
			children = (
				D51335F027BDD5BA0012B972 /* The_Kitchen_AppUITests.swift */,
				D51335F227BDD5BA0012B972 /* The_Kitchen_AppUITestsLaunchTests.swift */,
			);
			path = "The Kitchen AppUITests";
			sourceTree = "<group>";
		};
/* End PBXGroup section */

/* Begin PBXNativeTarget section */
		D51335D127BDD5B80012B972 /* The Kitchen App */ = {
			isa = PBXNativeTarget;
			buildConfigurationList = D51335F627BDD5BA0012B972 /* Build configuration list for PBXNativeTarget "The Kitchen App" */;
			buildPhases = (
				D51335CE27BDD5B80012B972 /* Sources */,
				D51335CF27BDD5B80012B972 /* Frameworks */,
				D51335D027BDD5B80012B972 /* Resources */,
			);
			buildRules = (
			);
			dependencies = (
			);
			name = "The Kitchen App";
			packageProductDependencies = (
				D594469B27C2EB4900B27A80 /* SQLite */,
				D5A0CE4527CE88ED00CA1F7B /* Drawer */,
			);
			productName = "The Kitchen App";
			productReference = D51335D227BDD5B80012B972 /* The Kitchen App.app */;
			productType = "com.apple.product-type.application";
		};
		D51335E127BDD5BA0012B972 /* The Kitchen AppTests */ = {
			isa = PBXNativeTarget;
			buildConfigurationList = D51335F927BDD5BA0012B972 /* Build configuration list for PBXNativeTarget "The Kitchen AppTests" */;
			buildPhases = (
				D51335DE27BDD5BA0012B972 /* Sources */,
				D51335DF27BDD5BA0012B972 /* Frameworks */,
				D51335E027BDD5BA0012B972 /* Resources */,
			);
			buildRules = (
			);
			dependencies = (
				D51335E427BDD5BA0012B972 /* PBXTargetDependency */,
			);
			name = "The Kitchen AppTests";
			productName = "The Kitchen AppTests";
			productReference = D51335E227BDD5BA0012B972 /* The Kitchen AppTests.xctest */;
			productType = "com.apple.product-type.bundle.unit-test";
		};
		D51335EB27BDD5BA0012B972 /* The Kitchen AppUITests */ = {
			isa = PBXNativeTarget;
			buildConfigurationList = D51335FC27BDD5BA0012B972 /* Build configuration list for PBXNativeTarget "The Kitchen AppUITests" */;
			buildPhases = (
				D51335E827BDD5BA0012B972 /* Sources */,
				D51335E927BDD5BA0012B972 /* Frameworks */,
				D51335EA27BDD5BA0012B972 /* Resources */,
			);
			buildRules = (
			);
			dependencies = (
				D51335EE27BDD5BA0012B972 /* PBXTargetDependency */,
			);
			name = "The Kitchen AppUITests";
			productName = "The Kitchen AppUITests";
			productReference = D51335EC27BDD5BA0012B972 /* The Kitchen AppUITests.xctest */;
			productType = "com.apple.product-type.bundle.ui-testing";
		};
/* End PBXNativeTarget section */

/* Begin PBXProject section */
		D51335CA27BDD5B80012B972 /* Project object */ = {
			isa = PBXProject;
			attributes = {
				BuildIndependentTargetsInParallel = 1;
				LastSwiftUpdateCheck = 1320;
				LastUpgradeCheck = 1320;
				TargetAttributes = {
					D51335D127BDD5B80012B972 = {
						CreatedOnToolsVersion = 13.2.1;
					};
					D51335E127BDD5BA0012B972 = {
						CreatedOnToolsVersion = 13.2.1;
						TestTargetID = D51335D127BDD5B80012B972;
					};
					D51335EB27BDD5BA0012B972 = {
						CreatedOnToolsVersion = 13.2.1;
						TestTargetID = D51335D127BDD5B80012B972;
					};
				};
			};
			buildConfigurationList = D51335CD27BDD5B80012B972 /* Build configuration list for PBXProject "The Kitchen App" */;
			compatibilityVersion = "Xcode 13.0";
			developmentRegion = en;
			hasScannedForEncodings = 0;
			knownRegions = (
				en,
				Base,
			);
			mainGroup = D51335C927BDD5B80012B972;
			packageReferences = (
				D594469A27C2EB4900B27A80 /* XCRemoteSwiftPackageReference "SQLite.swift" */,
				D5A0CE4427CE88ED00CA1F7B /* XCRemoteSwiftPackageReference "swiftui-drawer" */,
			);
			productRefGroup = D51335D327BDD5B80012B972 /* Products */;
			projectDirPath = "";
			projectRoot = "";
			targets = (
				D51335D127BDD5B80012B972 /* The Kitchen App */,
				D51335E127BDD5BA0012B972 /* The Kitchen AppTests */,
				D51335EB27BDD5BA0012B972 /* The Kitchen AppUITests */,
			);
		};
/* End PBXProject section */

/* Begin PBXResourcesBuildPhase section */
		D51335D027BDD5B80012B972 /* Resources */ = {
			isa = PBXResourcesBuildPhase;
			buildActionMask = 2147483647;
			files = (
				D51335DD27BDD5BA0012B972 /* Preview Assets.xcassets in Resources */,
				D51335DA27BDD5BA0012B972 /* Assets.xcassets in Resources */,
			);
			runOnlyForDeploymentPostprocessing = 0;
		};
		D51335E027BDD5BA0012B972 /* Resources */ = {
			isa = PBXResourcesBuildPhase;
			buildActionMask = 2147483647;
			files = (
			);
			runOnlyForDeploymentPostprocessing = 0;
		};
		D51335EA27BDD5BA0012B972 /* Resources */ = {
			isa = PBXResourcesBuildPhase;
			buildActionMask = 2147483647;
			files = (
			);
			runOnlyForDeploymentPostprocessing = 0;
		};
/* End PBXResourcesBuildPhase section */

/* Begin PBXSourcesBuildPhase section */
		D51335CE27BDD5B80012B972 /* Sources */ = {
			isa = PBXSourcesBuildPhase;
			buildActionMask = 2147483647;
			files = (
				D59446A627C32CCC00B27A80 /* PantryView.swift in Sources */,
				D5A0CE3927C974F800CA1F7B /* CookbookView.swift in Sources */,
				D5A0CE3B27C976A100CA1F7B /* AddRecipeView.swift in Sources */,
				D503C53027D989AE00215801 /* ImagePicker.swift in Sources */,
				D59446A427C30B7D00B27A80 /* AddIngredientView.swift in Sources */,
				D5A0CE3727C96A8300CA1F7B /* Recipe_Ingredient_DB.swift in Sources */,
				D503C53227DEB22D00215801 /* LocalFileManager.swift in Sources */,
				D5A0CE3327C721E000CA1F7B /* Recipe.swift in Sources */,
				D59446A027C2FA8300B27A80 /* Ingredient_DB.swift in Sources */,
				D51335D827BDD5B80012B972 /* ContentView.swift in Sources */,
				D51335D627BDD5B80012B972 /* The_Kitchen_AppApp.swift in Sources */,
				D5A0CE3D27C97C8E00CA1F7B /* viewRecipeView.swift in Sources */,
				D5A0CE4127C9A4F400CA1F7B /* IngredientMultipleSelectView.swift in Sources */,
				D594469E27C2F97500B27A80 /* Ingredient.swift in Sources */,
				D5A0CE3527C7238F00CA1F7B /* Recipe_DB.swift in Sources */,
				D503C52E27D7042400215801 /* ShoppingListView.swift in Sources */,
				D5A0CE4A27CEFFB000CA1F7B /* EditIngredientView.swift in Sources */,
				D5A0CE4327C9B6F900CA1F7B /* IngredientRow.swift in Sources */,
				D5A0CE4827CEF7B300CA1F7B /* ViewIngredientView.swift in Sources */,
				D503C53927DFA24500215801 /* IngredientListItem.swift in Sources */,
			);
			runOnlyForDeploymentPostprocessing = 0;
		};
		D51335DE27BDD5BA0012B972 /* Sources */ = {
			isa = PBXSourcesBuildPhase;
			buildActionMask = 2147483647;
			files = (
				D51335E727BDD5BA0012B972 /* The_Kitchen_AppTests.swift in Sources */,
			);
			runOnlyForDeploymentPostprocessing = 0;
		};
		D51335E827BDD5BA0012B972 /* Sources */ = {
			isa = PBXSourcesBuildPhase;
			buildActionMask = 2147483647;
			files = (
				D51335F127BDD5BA0012B972 /* The_Kitchen_AppUITests.swift in Sources */,
				D51335F327BDD5BA0012B972 /* The_Kitchen_AppUITestsLaunchTests.swift in Sources */,
			);
			runOnlyForDeploymentPostprocessing = 0;
		};
/* End PBXSourcesBuildPhase section */

/* Begin PBXTargetDependency section */
		D51335E427BDD5BA0012B972 /* PBXTargetDependency */ = {
			isa = PBXTargetDependency;
			target = D51335D127BDD5B80012B972 /* The Kitchen App */;
			targetProxy = D51335E327BDD5BA0012B972 /* PBXContainerItemProxy */;
		};
		D51335EE27BDD5BA0012B972 /* PBXTargetDependency */ = {
			isa = PBXTargetDependency;
			target = D51335D127BDD5B80012B972 /* The Kitchen App */;
			targetProxy = D51335ED27BDD5BA0012B972 /* PBXContainerItemProxy */;
		};
/* End PBXTargetDependency section */

/* Begin XCBuildConfiguration section */
		D51335F427BDD5BA0012B972 /* Debug */ = {
			isa = XCBuildConfiguration;
			buildSettings = {
				ALWAYS_SEARCH_USER_PATHS = NO;
				CLANG_ANALYZER_NONNULL = YES;
				CLANG_ANALYZER_NUMBER_OBJECT_CONVERSION = YES_AGGRESSIVE;
				CLANG_CXX_LANGUAGE_STANDARD = "gnu++17";
				CLANG_CXX_LIBRARY = "libc++";
				CLANG_ENABLE_MODULES = YES;
				CLANG_ENABLE_OBJC_ARC = YES;
				CLANG_ENABLE_OBJC_WEAK = YES;
				CLANG_WARN_BLOCK_CAPTURE_AUTORELEASING = YES;
				CLANG_WARN_BOOL_CONVERSION = YES;
				CLANG_WARN_COMMA = YES;
				CLANG_WARN_CONSTANT_CONVERSION = YES;
				CLANG_WARN_DEPRECATED_OBJC_IMPLEMENTATIONS = YES;
				CLANG_WARN_DIRECT_OBJC_ISA_USAGE = YES_ERROR;
				CLANG_WARN_DOCUMENTATION_COMMENTS = YES;
				CLANG_WARN_EMPTY_BODY = YES;
				CLANG_WARN_ENUM_CONVERSION = YES;
				CLANG_WARN_INFINITE_RECURSION = YES;
				CLANG_WARN_INT_CONVERSION = YES;
				CLANG_WARN_NON_LITERAL_NULL_CONVERSION = YES;
				CLANG_WARN_OBJC_IMPLICIT_RETAIN_SELF = YES;
				CLANG_WARN_OBJC_LITERAL_CONVERSION = YES;
				CLANG_WARN_OBJC_ROOT_CLASS = YES_ERROR;
				CLANG_WARN_QUOTED_INCLUDE_IN_FRAMEWORK_HEADER = YES;
				CLANG_WARN_RANGE_LOOP_ANALYSIS = YES;
				CLANG_WARN_STRICT_PROTOTYPES = YES;
				CLANG_WARN_SUSPICIOUS_MOVE = YES;
				CLANG_WARN_UNGUARDED_AVAILABILITY = YES_AGGRESSIVE;
				CLANG_WARN_UNREACHABLE_CODE = YES;
				CLANG_WARN__DUPLICATE_METHOD_MATCH = YES;
				COPY_PHASE_STRIP = NO;
				DEBUG_INFORMATION_FORMAT = dwarf;
				ENABLE_STRICT_OBJC_MSGSEND = YES;
				ENABLE_TESTABILITY = YES;
				GCC_C_LANGUAGE_STANDARD = gnu11;
				GCC_DYNAMIC_NO_PIC = NO;
				GCC_NO_COMMON_BLOCKS = YES;
				GCC_OPTIMIZATION_LEVEL = 0;
				GCC_PREPROCESSOR_DEFINITIONS = (
					"DEBUG=1",
					"$(inherited)",
				);
				GCC_WARN_64_TO_32_BIT_CONVERSION = YES;
				GCC_WARN_ABOUT_RETURN_TYPE = YES_ERROR;
				GCC_WARN_UNDECLARED_SELECTOR = YES;
				GCC_WARN_UNINITIALIZED_AUTOS = YES_AGGRESSIVE;
				GCC_WARN_UNUSED_FUNCTION = YES;
				GCC_WARN_UNUSED_VARIABLE = YES;
				IPHONEOS_DEPLOYMENT_TARGET = 15.2;
				MTL_ENABLE_DEBUG_INFO = INCLUDE_SOURCE;
				MTL_FAST_MATH = YES;
				ONLY_ACTIVE_ARCH = YES;
				SDKROOT = iphoneos;
				SWIFT_ACTIVE_COMPILATION_CONDITIONS = DEBUG;
				SWIFT_OPTIMIZATION_LEVEL = "-Onone";
			};
			name = Debug;
		};
		D51335F527BDD5BA0012B972 /* Release */ = {
			isa = XCBuildConfiguration;
			buildSettings = {
				ALWAYS_SEARCH_USER_PATHS = NO;
				CLANG_ANALYZER_NONNULL = YES;
				CLANG_ANALYZER_NUMBER_OBJECT_CONVERSION = YES_AGGRESSIVE;
				CLANG_CXX_LANGUAGE_STANDARD = "gnu++17";
				CLANG_CXX_LIBRARY = "libc++";
				CLANG_ENABLE_MODULES = YES;
				CLANG_ENABLE_OBJC_ARC = YES;
				CLANG_ENABLE_OBJC_WEAK = YES;
				CLANG_WARN_BLOCK_CAPTURE_AUTORELEASING = YES;
				CLANG_WARN_BOOL_CONVERSION = YES;
				CLANG_WARN_COMMA = YES;
				CLANG_WARN_CONSTANT_CONVERSION = YES;
				CLANG_WARN_DEPRECATED_OBJC_IMPLEMENTATIONS = YES;
				CLANG_WARN_DIRECT_OBJC_ISA_USAGE = YES_ERROR;
				CLANG_WARN_DOCUMENTATION_COMMENTS = YES;
				CLANG_WARN_EMPTY_BODY = YES;
				CLANG_WARN_ENUM_CONVERSION = YES;
				CLANG_WARN_INFINITE_RECURSION = YES;
				CLANG_WARN_INT_CONVERSION = YES;
				CLANG_WARN_NON_LITERAL_NULL_CONVERSION = YES;
				CLANG_WARN_OBJC_IMPLICIT_RETAIN_SELF = YES;
				CLANG_WARN_OBJC_LITERAL_CONVERSION = YES;
				CLANG_WARN_OBJC_ROOT_CLASS = YES_ERROR;
				CLANG_WARN_QUOTED_INCLUDE_IN_FRAMEWORK_HEADER = YES;
				CLANG_WARN_RANGE_LOOP_ANALYSIS = YES;
				CLANG_WARN_STRICT_PROTOTYPES = YES;
				CLANG_WARN_SUSPICIOUS_MOVE = YES;
				CLANG_WARN_UNGUARDED_AVAILABILITY = YES_AGGRESSIVE;
				CLANG_WARN_UNREACHABLE_CODE = YES;
				CLANG_WARN__DUPLICATE_METHOD_MATCH = YES;
				COPY_PHASE_STRIP = NO;
				DEBUG_INFORMATION_FORMAT = "dwarf-with-dsym";
				ENABLE_NS_ASSERTIONS = NO;
				ENABLE_STRICT_OBJC_MSGSEND = YES;
				GCC_C_LANGUAGE_STANDARD = gnu11;
				GCC_NO_COMMON_BLOCKS = YES;
				GCC_WARN_64_TO_32_BIT_CONVERSION = YES;
				GCC_WARN_ABOUT_RETURN_TYPE = YES_ERROR;
				GCC_WARN_UNDECLARED_SELECTOR = YES;
				GCC_WARN_UNINITIALIZED_AUTOS = YES_AGGRESSIVE;
				GCC_WARN_UNUSED_FUNCTION = YES;
				GCC_WARN_UNUSED_VARIABLE = YES;
				IPHONEOS_DEPLOYMENT_TARGET = 15.2;
				MTL_ENABLE_DEBUG_INFO = NO;
				MTL_FAST_MATH = YES;
				SDKROOT = iphoneos;
				SWIFT_COMPILATION_MODE = wholemodule;
				SWIFT_OPTIMIZATION_LEVEL = "-O";
				VALIDATE_PRODUCT = YES;
			};
			name = Release;
		};
		D51335F727BDD5BA0012B972 /* Debug */ = {
			isa = XCBuildConfiguration;
			buildSettings = {
				ASSETCATALOG_COMPILER_APPICON_NAME = AppIcon;
				ASSETCATALOG_COMPILER_GLOBAL_ACCENT_COLOR_NAME = AccentColor;
				CODE_SIGN_STYLE = Automatic;
				CURRENT_PROJECT_VERSION = 1;
				DEVELOPMENT_ASSET_PATHS = "\"The Kitchen App/Preview Content\"";
				DEVELOPMENT_TEAM = 8H6L6WKL9E;
				ENABLE_PREVIEWS = YES;
				GENERATE_INFOPLIST_FILE = YES;
				INFOPLIST_KEY_NSCameraUsageDescription = "TheKitchen needs access to your photos";
				INFOPLIST_KEY_UIApplicationSceneManifest_Generation = YES;
				INFOPLIST_KEY_UIApplicationSupportsIndirectInputEvents = YES;
				INFOPLIST_KEY_UILaunchScreen_Generation = YES;
				INFOPLIST_KEY_UISupportedInterfaceOrientations_iPad = "UIInterfaceOrientationPortrait UIInterfaceOrientationPortraitUpsideDown UIInterfaceOrientationLandscapeLeft UIInterfaceOrientationLandscapeRight";
				INFOPLIST_KEY_UISupportedInterfaceOrientations_iPhone = "UIInterfaceOrientationPortrait UIInterfaceOrientationLandscapeLeft UIInterfaceOrientationLandscapeRight";
				IPHONEOS_DEPLOYMENT_TARGET = 15.0;
				LD_RUNPATH_SEARCH_PATHS = (
					"$(inherited)",
					"@executable_path/Frameworks",
				);
				MARKETING_VERSION = 1.0;
				PRODUCT_BUNDLE_IDENTIFIER = "cis454.The-Kitchen-App";
				PRODUCT_NAME = "The Kitchen App";
				SWIFT_EMIT_LOC_STRINGS = YES;
				SWIFT_VERSION = 5.0;
				TARGETED_DEVICE_FAMILY = 1;
			};
			name = Debug;
		};
		D51335F827BDD5BA0012B972 /* Release */ = {
			isa = XCBuildConfiguration;
			buildSettings = {
				ASSETCATALOG_COMPILER_APPICON_NAME = AppIcon;
				ASSETCATALOG_COMPILER_GLOBAL_ACCENT_COLOR_NAME = AccentColor;
				CODE_SIGN_STYLE = Automatic;
				CURRENT_PROJECT_VERSION = 1;
				DEVELOPMENT_ASSET_PATHS = "\"The Kitchen App/Preview Content\"";
				DEVELOPMENT_TEAM = 8H6L6WKL9E;
				ENABLE_PREVIEWS = YES;
				GENERATE_INFOPLIST_FILE = YES;
				INFOPLIST_KEY_NSCameraUsageDescription = "TheKitchen needs access to your photos";
				INFOPLIST_KEY_UIApplicationSceneManifest_Generation = YES;
				INFOPLIST_KEY_UIApplicationSupportsIndirectInputEvents = YES;
				INFOPLIST_KEY_UILaunchScreen_Generation = YES;
				INFOPLIST_KEY_UISupportedInterfaceOrientations_iPad = "UIInterfaceOrientationPortrait UIInterfaceOrientationPortraitUpsideDown UIInterfaceOrientationLandscapeLeft UIInterfaceOrientationLandscapeRight";
				INFOPLIST_KEY_UISupportedInterfaceOrientations_iPhone = "UIInterfaceOrientationPortrait UIInterfaceOrientationLandscapeLeft UIInterfaceOrientationLandscapeRight";
				IPHONEOS_DEPLOYMENT_TARGET = 15.0;
				LD_RUNPATH_SEARCH_PATHS = (
					"$(inherited)",
					"@executable_path/Frameworks",
				);
				MARKETING_VERSION = 1.0;
				PRODUCT_BUNDLE_IDENTIFIER = "cis454.The-Kitchen-App";
				PRODUCT_NAME = "The Kitchen App";
				SWIFT_EMIT_LOC_STRINGS = YES;
				SWIFT_VERSION = 5.0;
				TARGETED_DEVICE_FAMILY = 1;
			};
			name = Release;
		};
		D51335FA27BDD5BA0012B972 /* Debug */ = {
			isa = XCBuildConfiguration;
			buildSettings = {
				ALWAYS_EMBED_SWIFT_STANDARD_LIBRARIES = YES;
				BUNDLE_LOADER = "$(TEST_HOST)";
				CODE_SIGN_STYLE = Automatic;
				CURRENT_PROJECT_VERSION = 1;
				GENERATE_INFOPLIST_FILE = YES;
				IPHONEOS_DEPLOYMENT_TARGET = 15.0;
				MARKETING_VERSION = 1.0;
				PRODUCT_BUNDLE_IDENTIFIER = "cis454.The-Kitchen-AppTests";
				PRODUCT_NAME = "$(TARGET_NAME)";
				SWIFT_EMIT_LOC_STRINGS = NO;
				SWIFT_VERSION = 5.0;
				TARGETED_DEVICE_FAMILY = "1,2";
				TEST_HOST = "$(BUILT_PRODUCTS_DIR)/The Kitchen App.app/The Kitchen App";
			};
			name = Debug;
		};
		D51335FB27BDD5BA0012B972 /* Release */ = {
			isa = XCBuildConfiguration;
			buildSettings = {
				ALWAYS_EMBED_SWIFT_STANDARD_LIBRARIES = YES;
				BUNDLE_LOADER = "$(TEST_HOST)";
				CODE_SIGN_STYLE = Automatic;
				CURRENT_PROJECT_VERSION = 1;
				GENERATE_INFOPLIST_FILE = YES;
				IPHONEOS_DEPLOYMENT_TARGET = 15.0;
				MARKETING_VERSION = 1.0;
				PRODUCT_BUNDLE_IDENTIFIER = "cis454.The-Kitchen-AppTests";
				PRODUCT_NAME = "$(TARGET_NAME)";
				SWIFT_EMIT_LOC_STRINGS = NO;
				SWIFT_VERSION = 5.0;
				TARGETED_DEVICE_FAMILY = "1,2";
				TEST_HOST = "$(BUILT_PRODUCTS_DIR)/The Kitchen App.app/The Kitchen App";
			};
			name = Release;
		};
		D51335FD27BDD5BA0012B972 /* Debug */ = {
			isa = XCBuildConfiguration;
			buildSettings = {
				ALWAYS_EMBED_SWIFT_STANDARD_LIBRARIES = YES;
				CODE_SIGN_STYLE = Automatic;
				CURRENT_PROJECT_VERSION = 1;
				GENERATE_INFOPLIST_FILE = YES;
				MARKETING_VERSION = 1.0;
				PRODUCT_BUNDLE_IDENTIFIER = "cis454.The-Kitchen-AppUITests";
				PRODUCT_NAME = "$(TARGET_NAME)";
				SWIFT_EMIT_LOC_STRINGS = NO;
				SWIFT_VERSION = 5.0;
				TARGETED_DEVICE_FAMILY = "1,2";
				TEST_TARGET_NAME = "The Kitchen App";
			};
			name = Debug;
		};
		D51335FE27BDD5BA0012B972 /* Release */ = {
			isa = XCBuildConfiguration;
			buildSettings = {
				ALWAYS_EMBED_SWIFT_STANDARD_LIBRARIES = YES;
				CODE_SIGN_STYLE = Automatic;
				CURRENT_PROJECT_VERSION = 1;
				GENERATE_INFOPLIST_FILE = YES;
				MARKETING_VERSION = 1.0;
				PRODUCT_BUNDLE_IDENTIFIER = "cis454.The-Kitchen-AppUITests";
				PRODUCT_NAME = "$(TARGET_NAME)";
				SWIFT_EMIT_LOC_STRINGS = NO;
				SWIFT_VERSION = 5.0;
				TARGETED_DEVICE_FAMILY = "1,2";
				TEST_TARGET_NAME = "The Kitchen App";
			};
			name = Release;
		};
/* End XCBuildConfiguration section */

/* Begin XCConfigurationList section */
		D51335CD27BDD5B80012B972 /* Build configuration list for PBXProject "The Kitchen App" */ = {
			isa = XCConfigurationList;
			buildConfigurations = (
				D51335F427BDD5BA0012B972 /* Debug */,
				D51335F527BDD5BA0012B972 /* Release */,
			);
			defaultConfigurationIsVisible = 0;
			defaultConfigurationName = Release;
		};
		D51335F627BDD5BA0012B972 /* Build configuration list for PBXNativeTarget "The Kitchen App" */ = {
			isa = XCConfigurationList;
			buildConfigurations = (
				D51335F727BDD5BA0012B972 /* Debug */,
				D51335F827BDD5BA0012B972 /* Release */,
			);
			defaultConfigurationIsVisible = 0;
			defaultConfigurationName = Release;
		};
		D51335F927BDD5BA0012B972 /* Build configuration list for PBXNativeTarget "The Kitchen AppTests" */ = {
			isa = XCConfigurationList;
			buildConfigurations = (
				D51335FA27BDD5BA0012B972 /* Debug */,
				D51335FB27BDD5BA0012B972 /* Release */,
			);
			defaultConfigurationIsVisible = 0;
			defaultConfigurationName = Release;
		};
		D51335FC27BDD5BA0012B972 /* Build configuration list for PBXNativeTarget "The Kitchen AppUITests" */ = {
			isa = XCConfigurationList;
			buildConfigurations = (
				D51335FD27BDD5BA0012B972 /* Debug */,
				D51335FE27BDD5BA0012B972 /* Release */,
			);
			defaultConfigurationIsVisible = 0;
			defaultConfigurationName = Release;
		};
/* End XCConfigurationList section */

/* Begin XCRemoteSwiftPackageReference section */
		D594469A27C2EB4900B27A80 /* XCRemoteSwiftPackageReference "SQLite.swift" */ = {
			isa = XCRemoteSwiftPackageReference;
			repositoryURL = "https://github.com/stephencelis/SQLite.swift.git";
			requirement = {
				kind = upToNextMajorVersion;
				minimumVersion = 0.9.2;
			};
		};
		D5A0CE4427CE88ED00CA1F7B /* XCRemoteSwiftPackageReference "swiftui-drawer" */ = {
			isa = XCRemoteSwiftPackageReference;
			repositoryURL = "https://github.com/maustinstar/swiftui-drawer";
			requirement = {
				branch = master;
				kind = branch;
			};
		};
/* End XCRemoteSwiftPackageReference section */

/* Begin XCSwiftPackageProductDependency section */
		D594469B27C2EB4900B27A80 /* SQLite */ = {
			isa = XCSwiftPackageProductDependency;
			package = D594469A27C2EB4900B27A80 /* XCRemoteSwiftPackageReference "SQLite.swift" */;
			productName = SQLite;
		};
		D5A0CE4527CE88ED00CA1F7B /* Drawer */ = {
			isa = XCSwiftPackageProductDependency;
			package = D5A0CE4427CE88ED00CA1F7B /* XCRemoteSwiftPackageReference "swiftui-drawer" */;
			productName = Drawer;
		};
/* End XCSwiftPackageProductDependency section */
	};
	rootObject = D51335CA27BDD5B80012B972 /* Project object */;
}
